
Microsoft Visual Studio Solution File, Format Version 12.00
# Visual Studio Version 17
VisualStudioVersion = 17.14.36414.22 d17.14
MinimumVisualStudioVersion = 10.0.40219.1
Project("{FAE04EC0-301F-11D3-BF4B-00C04F79EFBC}") = "BackendApi", "BackendApi.csproj", "{07C241ED-3AAB-4886-AB96-DA9542C7E171}"
EndProject
Global
	GlobalSection(SolutionConfigurationPlatforms) = preSolution
		Debug|Any CPU = Debug|Any CPU
		Release|Any CPU = Release|Any CPU
	EndGlobalSection
	GlobalSection(ProjectConfigurationPlatforms) = postSolution
		{07C241ED-3AAB-4886-AB96-DA9542C7E171}.Debug|Any CPU.ActiveCfg = Debug|Any CPU
		{07C241ED-3AAB-4886-AB96-DA9542C7E171}.Debug|Any CPU.Build.0 = Debug|Any CPU
		{07C241ED-3AAB-4886-AB96-DA9542C7E171}.Release|Any CPU.ActiveCfg = Release|Any CPU
		{07C241ED-3AAB-4886-AB96-DA9542C7E171}.Release|Any CPU.Build.0 = Release|Any CPU
	EndGlobalSection
	GlobalSection(SolutionProperties) = preSolution
		HideSolutionNode = FALSE
	EndGlobalSection
	GlobalSection(ExtensibilityGlobals) = postSolution
		SolutionGuid = {BEF28398-EF59-461F-BDBD-775928CBB56C}
	EndGlobalSection
EndGlobal
